{
  "name": "githooks",
  "version": "1.0.0",
  "lockfileVersion": 1,
  "requires": true,
  "dependencies": {
    "@octokit/webhooks": {
      "version": "7.6.1",
      "resolved": "https://registry.npmjs.org/@octokit/webhooks/-/webhooks-7.6.1.tgz",
      "integrity": "sha512-xZiS+V9ZApmCtsavY0yWhwPm+z+bZz9bqYb6ZbeIvloJMwxw2w99eg9bCSngkCq0W4mMX2ZtJF2b6ToN9+iH1w==",
      "requires": {
        "debug": "^4.0.0"
      }
    },
    "debug": {
      "version": "4.1.1",
      "resolved": "https://registry.npmjs.org/debug/-/debug-4.1.1.tgz",
      "integrity": "sha512-pYAIzeRo8J6KPEaJ0VWOh5Pzkbw/RetuzehGM7QRRX5he4fPHx2rdKMB256ehJCkX+XRQm16eZLqLNS8RSZXZw==",
      "requires": {
        "ms": "^2.1.1"
      }
    },
    "ms": {
      "version": "2.1.2",
      "resolved": "https://registry.npmjs.org/ms/-/ms-2.1.2.tgz",
      "integrity": "sha512-sGkPx+VjMtmA6MX27oA4FBFELFCZZ4S4XqeGOXCv68tT+jb3vk/RyaKWP0PTKyWtmLSM0b+adUTEvbs1PEaH2w=="
    },
    "node-cleanup": {
      "version": "2.1.2",
      "resolved": "https://registry.npmjs.org/node-cleanup/-/node-cleanup-2.1.2.tgz",
      "integrity": "sha1-esGavSl+Caf3KnFUXZUbUX5N3iw="
    }
  }
}
